{
  "pins" : [
    {
      "identity" : "coordinateenums",
      "kind" : "remoteSourceControl",
      "location" : "https://github.com/Iliasnolsson/CoordinateEnums",
      "state" : {
        "revision" : "b556bda6f0941d02651b9dff39391c5aba834eff",
        "version" : "1.0.3"
      }
    },
    {
      "identity" : "fundamentalenhancer",
      "kind" : "remoteSourceControl",
      "location" : "https://github.com/Iliasnolsson/FundamentalEnhancer",
      "state" : {
        "revision" : "1315befbb9306475be6fe1e06c280b14a5fa4095",
        "version" : "1.0.1"
      }
    },
    {
      "identity" : "mathenhancer",
      "kind" : "remoteSourceControl",
      "location" : "https://github.com/Iliasnolsson/MathEnhancer",
      "state" : {
        "revision" : "bcde181a59b0b1a2e730b84f924b80e87095a766",
        "version" : "1.1.0"
      }
    }
  ],
  "version" : 2
}
