{
  "pins" : [
    {
      "identity" : "fundamentalenhancer",
      "kind" : "remoteSourceControl",
      "location" : "https://github.com/Iliasnolsson/FundamentalEnhancer",
      "state" : {
        "revision" : "8775d8e911264a0a4101f8157edd879b9aa65db7",
        "version" : "1.0.0"
      }
    },
    {
      "identity" : "mathenhancer",
      "kind" : "remoteSourceControl",
      "location" : "https://github.com/Iliasnolsson/MathEnhancer",
      "state" : {
        "revision" : "06646549b134dd68983e08d8fd4793a60a69cdfe",
        "version" : "1.0.0"
      }
    }
  ],
  "version" : 2
}
