{
  "pins" : [
    {
      "identity" : "coordinateenums",
      "kind" : "remoteSourceControl",
      "location" : "https://github.com/Iliasnolsson/CoordinateEnums",
      "state" : {
        "revision" : "b556bda6f0941d02651b9dff39391c5aba834eff",
        "version" : "1.0.3"
      }
    },
    {
      "identity" : "mathenhancer",
      "kind" : "remoteSourceControl",
      "location" : "https://github.com/Iliasnolsson/MathEnhancer",
      "state" : {
        "revision" : "16b94feb3fb66f689d6cf7b8d544fbd4d3cb8e98",
        "version" : "1.1.1"
      }
    }
  ],
  "version" : 2
}
